// !$*UTF8*$!
{
	archiveVersion = 1;
	classes = {
	};
	objectVersion = 77;
	objects = {

/* Begin PBXBuildFile section */
		406C92942FF1EBF000EC9308 /* GoogleService-Info.plist in Resources */ = {isa = PBXBuildFile; fileRef = 406C92932FF1EBF000EC9308 /* GoogleService-Info.plist */; };
		406C92E62FF7412100EC9308 /* FirebaseAuth in Frameworks */ = {isa = PBXBuildFile; productRef = 406C92E52FF7412100EC9308 /* FirebaseAuth */; };
		406C92E82FF7412100EC9308 /* FirebaseDatabase in Frameworks */ = {isa = PBXBuildFile; productRef = 406C92E72FF7412100EC9308 /* FirebaseDatabase */; };
		406C92EA2FF7412100EC9308 /* FirebaseFunctions in Frameworks */ = {isa = PBXBuildFile; productRef = 406C92E92FF7412100EC9308 /* FirebaseFunctions */; };
		406C92EC2FF7412100EC9308 /* FirebaseMessaging in Frameworks */ = {isa = PBXBuildFile; productRef = 406C92EB2FF7412100EC9308 /* FirebaseMessaging */; };
		406C92EE2FF7412100EC9308 /* FirebaseStorage in Frameworks */ = {isa = PBXBuildFile; productRef = 406C92ED2FF7412100EC9308 /* FirebaseStorage */; };
/* End PBXBuildFile section */

/* Begin PBXContainerItemProxy section */
		402BC6C22F81F6B60001BFB7 /* PBXContainerItemProxy */ = {
			isa = PBXContainerItemProxy;
			containerPortal = 402BC6AC2F81F6B50001BFB7 /* Project object */;
			proxyType = 1;
			remoteGlobalIDString = 402BC6B32F81F6B50001BFB7;
			remoteInfo = Whisp;
		};
		402BC6CC2F81F6B60001BFB7 /* PBXContainerItemProxy */ = {
			isa = PBXContainerItemProxy;
			containerPortal = 402BC6AC2F81F6B50001BFB7 /* Project object */;
			proxyType = 1;
			remoteGlobalIDString = 402BC6B32F81F6B50001BFB7;
			remoteInfo = Whisp;
		};
/* End PBXContainerItemProxy section */

/* Begin PBXFileReference section */
		402BC6B42F81F6B50001BFB7 /* Whisp.app */ = {isa = PBXFileReference; explicitFileType = wrapper.application; includeInIndex = 0; path = Whisp.app; sourceTree = BUILT_PRODUCTS_DIR; };
		402BC6C12F81F6B60001BFB7 /* WhispTests.xctest */ = {isa = PBXFileReference; explicitFileType = wrapper.cfbundle; includeInIndex = 0; path = WhispTests.xctest; sourceTree = BUILT_PRODUCTS_DIR; };
		402BC6CB2F81F6B60001BFB7 /* WhispUITests.xctest */ = {isa = PBXFileReference; explicitFileType = wrapper.cfbundle; includeInIndex = 0; path = WhispUITests.xctest; sourceTree = BUILT_PRODUCTS_DIR; };
		406C92932FF1EBF000EC9308 /* GoogleService-Info.plist */ = {isa = PBXFileReference; lastKnownFileType = text.plist.xml; path = "GoogleService-Info.plist"; sourceTree = "<group>"; };
/* End PBXFileReference section */

/* Begin PBXFileSystemSynchronizedRootGroup section */
		402BC6B62F81F6B50001BFB7 /* Whisp */ = {
			isa = PBXFileSystemSynchronizedRootGroup;
			path = Whisp;
			sourceTree = "<group>";
		};
		402BC6C42F81F6B60001BFB7 /* WhispTests */ = {
			isa = PBXFileSystemSynchronizedRootGroup;
			path = WhispTests;
			sourceTree = "<group>";
		};
		402BC6CE2F81F6B60001BFB7 /* WhispUITests */ = {
			isa = PBXFileSystemSynchronizedRootGroup;
			path = WhispUITests;
			sourceTree = "<group>";
		};
/* End PBXFileSystemSynchronizedRootGroup section */

/* Begin PBXFrameworksBuildPhase section */
		402BC6B12F81F6B50001BFB7 /* Frameworks */ = {
			isa = PBXFrameworksBuildPhase;
			buildActionMask = 2147483647;
			files = (
				406C92EC2FF7412100EC9308 /* FirebaseMessaging in Frameworks */,
				406C92EA2FF7412100EC9308 /* FirebaseFunctions in Frameworks */,
				406C92E82FF7412100EC9308 /* FirebaseDatabase in Frameworks */,
				406C92EE2FF7412100EC9308 /* FirebaseStorage in Frameworks */,
				406C92E62FF7412100EC9308 /* FirebaseAuth in Frameworks */,
			);
			runOnlyForDeploymentPostprocessing = 0;
		};
		402BC6BE2F81F6B60001BFB7 /* Frameworks */ = {
			isa = PBXFrameworksBuildPhase;
			buildActionMask = 2147483647;
			files = (
			);
			runOnlyForDeploymentPostprocessing = 0;
		};
		402BC6C82F81F6B60001BFB7 /* Frameworks */ = {
			isa = PBXFrameworksBuildPhase;
			buildActionMask = 2147483647;
			files = (
			);
			runOnlyForDeploymentPostprocessing = 0;
		};
/* End PBXFrameworksBuildPhase section */

/* Begin PBXGroup section */
		402BC6AB2F81F6B50001BFB7 = {
			isa = PBXGroup;
			children = (
				402BC6B62F81F6B50001BFB7 /* Whisp */,
				402BC6C42F81F6B60001BFB7 /* WhispTests */,
				402BC6CE2F81F6B60001BFB7 /* WhispUITests */,
				402BC6B52F81F6B50001BFB7 /* Products */,
				406C92932FF1EBF000EC9308 /* GoogleService-Info.plist */,
			);
			sourceTree = "<group>";
		};
		402BC6B52F81F6B50001BFB7 /* Products */ = {
			isa = PBXGroup;
			children = (
				402BC6B42F81F6B50001BFB7 /* Whisp.app */,
				402BC6C12F81F6B60001BFB7 /* WhispTests.xctest */,
				402BC6CB2F81F6B60001BFB7 /* WhispUITests.xctest */,
			);
			name = Products;
			sourceTree = "<group>";
		};
/* End PBXGroup section */

/* Begin PBXNativeTarget section */
		402BC6B32F81F6B50001BFB7 /* Whisp */ = {
			isa = PBXNativeTarget;
			buildConfigurationList = 402BC6D52F81F6B60001BFB7 /* Build configuration list for PBXNativeTarget "Whisp" */;
			buildPhases = (
				402BC6B02F81F6B50001BFB7 /* Sources */,
				402BC6B12F81F6B50001BFB7 /* Frameworks */,
				402BC6B22F81F6B50001BFB7 /* Resources */,
			);
			buildRules = (
			);
			dependencies = (
			);
			fileSystemSynchronizedGroups = (
				402BC6B62F81F6B50001BFB7 /* Whisp */,
			);
			name = Whisp;
			packageProductDependencies = (
				406C92E52FF7412100EC9308 /* FirebaseAuth */,
				406C92E72FF7412100EC9308 /* FirebaseDatabase */,
				406C92E92FF7412100EC9308 /* FirebaseFunctions */,
				406C92EB2FF7412100EC9308 /* FirebaseMessaging */,
				406C92ED2FF7412100EC9308 /* FirebaseStorage */,
			);
			productName = Whisp;
			productReference = 402BC6B42F81F6B50001BFB7 /* Whisp.app */;
			productType = "com.apple.product-type.application";
		};
		402BC6C02F81F6B60001BFB7 /* WhispTests */ = {
			isa = PBXNativeTarget;
			buildConfigurationList = 402BC6D82F81F6B60001BFB7 /* Build configuration list for PBXNativeTarget "WhispTests" */;
			buildPhases = (
				402BC6BD2F81F6B60001BFB7 /* Sources */,
				402BC6BE2F81F6B60001BFB7 /* Frameworks */,
				402BC6BF2F81F6B60001BFB7 /* Resources */,
			);
			buildRules = (
			);
			dependencies = (
				402BC6C32F81F6B60001BFB7 /* PBXTargetDependency */,
			);
			fileSystemSynchronizedGroups = (
				402BC6C42F81F6B60001BFB7 /* WhispTests */,
			);
			name = WhispTests;
			packageProductDependencies = (
			);
			productName = WhispTests;
			productReference = 402BC6C12F81F6B60001BFB7 /* WhispTests.xctest */;
			productType = "com.apple.product-type.bundle.unit-test";
		};
		402BC6CA2F81F6B60001BFB7 /* WhispUITests */ = {
			isa = PBXNativeTarget;
			buildConfigurationList = 402BC6DB2F81F6B60001BFB7 /* Build configuration list for PBXNativeTarget "WhispUITests" */;
			buildPhases = (
				402BC6C72F81F6B60001BFB7 /* Sources */,
				402BC6C82F81F6B60001BFB7 /* Frameworks */,
				402BC6C92F81F6B60001BFB7 /* Resources */,
			);
			buildRules = (
			);
			dependencies = (
				402BC6CD2F81F6B60001BFB7 /* PBXTargetDependency */,
			);
			fileSystemSynchronizedGroups = (
				402BC6CE2F81F6B60001BFB7 /* WhispUITests */,
			);
			name = WhispUITests;
			packageProductDependencies = (
			);
			productName = WhispUITests;
			productReference = 402BC6CB2F81F6B60001BFB7 /* WhispUITests.xctest */;
			productType = "com.apple.product-type.bundle.ui-testing";
		};
/* End PBXNativeTarget section */

/* Begin PBXProject section */
		402BC6AC2F81F6B50001BFB7 /* Project object */ = {
			isa = PBXProject;
			attributes = {
				BuildIndependentTargetsInParallel = 1;
				LastSwiftUpdateCheck = 2640;
				LastUpgradeCheck = 2640;
				TargetAttributes = {
					402BC6B32F81F6B50001BFB7 = {
						CreatedOnToolsVersion = 26.4;
					};
					402BC6C02F81F6B60001BFB7 = {
						CreatedOnToolsVersion = 26.4;
						TestTargetID = 402BC6B32F81F6B50001BFB7;
					};
					402BC6CA2F81F6B60001BFB7 = {
						CreatedOnToolsVersion = 26.4;
						TestTargetID = 402BC6B32F81F6B50001BFB7;
					};
				};
			};
			buildConfigurationList = 402BC6AF2F81F6B50001BFB7 /* Build configuration list for PBXProject "Whisp" */;
			developmentRegion = en;
			hasScannedForEncodings = 0;
			knownRegions = (
				en,
				Base,
			);
			mainGroup = 402BC6AB2F81F6B50001BFB7;
			minimizedProjectReferenceProxies = 1;
			packageReferences = (
				406C92E42FF7412100EC9308 /* XCRemoteSwiftPackageReference "firebase-ios-sdk" */,
			);
			preferredProjectObjectVersion = 77;
			productRefGroup = 402BC6B52F81F6B50001BFB7 /* Products */;
			projectDirPath = "";
			projectRoot = "";
			targets = (
				402BC6B32F81F6B50001BFB7 /* Whisp */,
				402BC6C02F81F6B60001BFB7 /* WhispTests */,
				402BC6CA2F81F6B60001BFB7 /* WhispUITests */,
			);
		};
/* End PBXProject section */

/* Begin PBXResourcesBuildPhase section */
		402BC6B22F81F6B50001BFB7 /* Resources */ = {
			isa = PBXResourcesBuildPhase;
			buildActionMask = 2147483647;
			files = (
				406C92942FF1EBF000EC9308 /* GoogleService-Info.plist in Resources */,
			);
			runOnlyForDeploymentPostprocessing = 0;
		};
		402BC6BF2F81F6B60001BFB7 /* Resources */ = {
			isa = PBXResourcesBuildPhase;
			buildActionMask = 2147483647;
			files = (
			);
			runOnlyForDeploymentPostprocessing = 0;
		};
		402BC6C92F81F6B60001BFB7 /* Resources */ = {
			isa = PBXResourcesBuildPhase;
			buildActionMask = 2147483647;
			files = (
			);
			runOnlyForDeploymentPostprocessing = 0;
		};
/* End PBXResourcesBuildPhase section */

/* Begin PBXSourcesBuildPhase section */
		402BC6B02F81F6B50001BFB7 /* Sources */ = {
			isa = PBXSourcesBuildPhase;
			buildActionMask = 2147483647;
			files = (
			);
			runOnlyForDeploymentPostprocessing = 0;
		};
		402BC6BD2F81F6B60001BFB7 /* Sources */ = {
			isa = PBXSourcesBuildPhase;
			buildActionMask = 2147483647;
			files = (
			);
			runOnlyForDeploymentPostprocessing = 0;
		};
		402BC6C72F81F6B60001BFB7 /* Sources */ = {
			isa = PBXSourcesBuildPhase;
			buildActionMask = 2147483647;
			files = (
			);
			runOnlyForDeploymentPostprocessing = 0;
		};
/* End PBXSourcesBuildPhase section */

/* Begin PBXTargetDependency section */
		402BC6C32F81F6B60001BFB7 /* PBXTargetDependency */ = {
			isa = PBXTargetDependency;
			target = 402BC6B32F81F6B50001BFB7 /* Whisp */;
			targetProxy = 402BC6C22F81F6B60001BFB7 /* PBXContainerItemProxy */;
		};
		402BC6CD2F81F6B60001BFB7 /* PBXTargetDependency */ = {
			isa = PBXTargetDependency;
			target = 402BC6B32F81F6B50001BFB7 /* Whisp */;
			targetProxy = 402BC6CC2F81F6B60001BFB7 /* PBXContainerItemProxy */;
		};
/* End PBXTargetDependency section */

/* Begin XCBuildConfiguration section */
		402BC6D32F81F6B60001BFB7 /* Debug */ = {
			isa = XCBuildConfiguration;
			buildSettings = {
				ALWAYS_SEARCH_USER_PATHS = NO;
				ASSETCATALOG_COMPILER_GENERATE_SWIFT_ASSET_SYMBOL_EXTENSIONS = YES;
				CLANG_ANALYZER_NONNULL = YES;
				CLANG_ANALYZER_NUMBER_OBJECT_CONVERSION = YES_AGGRESSIVE;
				CLANG_CXX_LANGUAGE_STANDARD = "gnu++20";
				CLANG_ENABLE_MODULES = YES;
				CLANG_ENABLE_OBJC_ARC = YES;
				CLANG_ENABLE_OBJC_WEAK = YES;
				CLANG_WARN_BLOCK_CAPTURE_AUTORELEASING = YES;
				CLANG_WARN_BOOL_CONVERSION = YES;
				CLANG_WARN_COMMA = YES;
				CLANG_WARN_CONSTANT_CONVERSION = YES;
				CLANG_WARN_DEPRECATED_OBJC_IMPLEMENTATIONS = YES;
				CLANG_WARN_DIRECT_OBJC_ISA_USAGE = YES_ERROR;
				CLANG_WARN_DOCUMENTATION_COMMENTS = YES;
				CLANG_WARN_EMPTY_BODY = YES;
				CLANG_WARN_ENUM_CONVERSION = YES;
				CLANG_WARN_INFINITE_RECURSION = YES;
				CLANG_WARN_INT_CONVERSION = YES;
				CLANG_WARN_NON_LITERAL_NULL_CONVERSION = YES;
				CLANG_WARN_OBJC_IMPLICIT_RETAIN_SELF = YES;
				CLANG_WARN_OBJC_LITERAL_CONVERSION = YES;
				CLANG_WARN_OBJC_ROOT_CLASS = YES_ERROR;
				CLANG_WARN_QUOTED_INCLUDE_IN_FRAMEWORK_HEADER = YES;
				CLANG_WARN_RANGE_LOOP_ANALYSIS = YES;
				CLANG_WARN_STRICT_PROTOTYPES = YES;
				CLANG_WARN_SUSPICIOUS_MOVE = YES;
				CLANG_WARN_UNGUARDED_AVAILABILITY = YES_AGGRESSIVE;
				CLANG_WARN_UNREACHABLE_CODE = YES;
				CLANG_WARN__DUPLICATE_METHOD_MATCH = YES;
				COPY_PHASE_STRIP = NO;
				DEBUG_INFORMATION_FORMAT = dwarf;
				DEVELOPMENT_TEAM = 59553C5T2P;
				ENABLE_STRICT_OBJC_MSGSEND = YES;
				ENABLE_TESTABILITY = YES;
				ENABLE_USER_SCRIPT_SANDBOXING = YES;
				GCC_C_LANGUAGE_STANDARD = gnu17;
				GCC_DYNAMIC_NO_PIC = NO;
				GCC_NO_COMMON_BLOCKS = YES;
				GCC_OPTIMIZATION_LEVEL = 0;
				GCC_PREPROCESSOR_DEFINITIONS = (
					"DEBUG=1",
					"$(inherited)",
				);
				GCC_WARN_64_TO_32_BIT_CONVERSION = YES;
				GCC_WARN_ABOUT_RETURN_TYPE = YES_ERROR;
				GCC_WARN_UNDECLARED_SELECTOR = YES;
				GCC_WARN_UNINITIALIZED_AUTOS = YES_AGGRESSIVE;
				GCC_WARN_UNUSED_FUNCTION = YES;
				GCC_WARN_UNUSED_VARIABLE = YES;
				LOCALIZATION_PREFERS_STRING_CATALOGS = YES;
				MTL_ENABLE_DEBUG_INFO = INCLUDE_SOURCE;
				MTL_FAST_MATH = YES;
				ONLY_ACTIVE_ARCH = YES;
				SWIFT_ACTIVE_COMPILATION_CONDITIONS = "DEBUG $(inherited)";
				SWIFT_OPTIMIZATION_LEVEL = "-Onone";
			};
			name = Debug;
		};
		402BC6D42F81F6B60001BFB7 /* Release */ = {
			isa = XCBuildConfiguration;
			buildSettings = {
				ALWAYS_SEARCH_USER_PATHS = NO;
				ASSETCATALOG_COMPILER_GENERATE_SWIFT_ASSET_SYMBOL_EXTENSIONS = YES;
				CLANG_ANALYZER_NONNULL = YES;
				CLANG_ANALYZER_NUMBER_OBJECT_CONVERSION = YES_AGGRESSIVE;
				CLANG_CXX_LANGUAGE_STANDARD = "gnu++20";
				CLANG_ENABLE_MODULES = YES;
				CLANG_ENABLE_OBJC_ARC = YES;
				CLANG_ENABLE_OBJC_WEAK = YES;
				CLANG_WARN_BLOCK_CAPTURE_AUTORELEASING = YES;
				CLANG_WARN_BOOL_CONVERSION = YES;
				CLANG_WARN_COMMA = YES;
				CLANG_WARN_CONSTANT_CONVERSION = YES;
				CLANG_WARN_DEPRECATED_OBJC_IMPLEMENTATIONS = YES;
				CLANG_WARN_DIRECT_OBJC_ISA_USAGE = YES_ERROR;
				CLANG_WARN_DOCUMENTATION_COMMENTS = YES;
				CLANG_WARN_EMPTY_BODY = YES;
				CLANG_WARN_ENUM_CONVERSION = YES;
				CLANG_WARN_INFINITE_RECURSION = YES;
				CLANG_WARN_INT_CONVERSION = YES;
				CLANG_WARN_NON_LITERAL_NULL_CONVERSION = YES;
				CLANG_WARN_OBJC_IMPLICIT_RETAIN_SELF = YES;
				CLANG_WARN_OBJC_LITERAL_CONVERSION = YES;
				CLANG_WARN_OBJC_ROOT_CLASS = YES_ERROR;
				CLANG_WARN_QUOTED_INCLUDE_IN_FRAMEWORK_HEADER = YES;
				CLANG_WARN_RANGE_LOOP_ANALYSIS = YES;
				CLANG_WARN_STRICT_PROTOTYPES = YES;
				CLANG_WARN_SUSPICIOUS_MOVE = YES;
				CLANG_WARN_UNGUARDED_AVAILABILITY = YES_AGGRESSIVE;
				CLANG_WARN_UNREACHABLE_CODE = YES;
				CLANG_WARN__DUPLICATE_METHOD_MATCH = YES;
				COPY_PHASE_STRIP = NO;
				DEBUG_INFORMATION_FORMAT = "dwarf-with-dsym";
				DEVELOPMENT_TEAM = 59553C5T2P;
				ENABLE_NS_ASSERTIONS = NO;
				ENABLE_STRICT_OBJC_MSGSEND = YES;
				ENABLE_USER_SCRIPT_SANDBOXING = YES;
				GCC_C_LANGUAGE_STANDARD = gnu17;
				GCC_NO_COMMON_BLOCKS = YES;
				GCC_WARN_64_TO_32_BIT_CONVERSION = YES;
				GCC_WARN_ABOUT_RETURN_TYPE = YES_ERROR;
				GCC_WARN_UNDECLARED_SELECTOR = YES;
				GCC_WARN_UNINITIALIZED_AUTOS = YES_AGGRESSIVE;
				GCC_WARN_UNUSED_FUNCTION = YES;
				GCC_WARN_UNUSED_VARIABLE = YES;
				LOCALIZATION_PREFERS_STRING_CATALOGS = YES;
				MTL_ENABLE_DEBUG_INFO = NO;
				MTL_FAST_MATH = YES;
				SWIFT_COMPILATION_MODE = wholemodule;
			};
			name = Release;
		};
		402BC6D62F81F6B60001BFB7 /* Debug */ = {
			isa = XCBuildConfiguration;
			buildSettings = {
				ASSETCATALOG_COMPILER_APPICON_NAME = AppIcon;
				ASSETCATALOG_COMPILER_GLOBAL_ACCENT_COLOR_NAME = AccentColor;
				CODE_SIGN_STYLE = Automatic;
				CURRENT_PROJECT_VERSION = 1;
				DEVELOPMENT_TEAM = 59553C5T2P;
				ENABLE_APP_SANDBOX = YES;
				ENABLE_HARDENED_RUNTIME = YES;
				ENABLE_PREVIEWS = YES;
				ENABLE_USER_SELECTED_FILES = readonly;
				GENERATE_INFOPLIST_FILE = YES;
				"INFOPLIST_KEY_UIApplicationSceneManifest_Generation[sdk=iphoneos*]" = YES;
				"INFOPLIST_KEY_UIApplicationSceneManifest_Generation[sdk=iphonesimulator*]" = YES;
				"INFOPLIST_KEY_UIApplicationSupportsIndirectInputEvents[sdk=iphoneos*]" = YES;
				"INFOPLIST_KEY_UIApplicationSupportsIndirectInputEvents[sdk=iphonesimulator*]" = YES;
				"INFOPLIST_KEY_UILaunchScreen_Generation[sdk=iphoneos*]" = YES;
				"INFOPLIST_KEY_UILaunchScreen_Generation[sdk=iphonesimulator*]" = YES;
				"INFOPLIST_KEY_UIStatusBarStyle[sdk=iphoneos*]" = UIStatusBarStyleDefault;
				"INFOPLIST_KEY_UIStatusBarStyle[sdk=iphonesimulator*]" = UIStatusBarStyleDefault;
				INFOPLIST_KEY_UISupportedInterfaceOrientations_iPad = "UIInterfaceOrientationPortrait UIInterfaceOrientationPortraitUpsideDown UIInterfaceOrientationLandscapeLeft UIInterfaceOrientationLandscapeRight";
				INFOPLIST_KEY_UISupportedInterfaceOrientations_iPhone = "UIInterfaceOrientationPortrait UIInterfaceOrientationLandscapeLeft UIInterfaceOrientationLandscapeRight";
				IPHONEOS_DEPLOYMENT_TARGET = 26.4;
				LD_RUNPATH_SEARCH_PATHS = "@executable_path/Frameworks";
				"LD_RUNPATH_SEARCH_PATHS[sdk=macosx*]" = "@executable_path/../Frameworks";
				MACOSX_DEPLOYMENT_TARGET = 26.4;
				MARKETING_VERSION = 1.0;
				PRODUCT_BUNDLE_IDENTIFIER = execquietly.Whisp;
				PRODUCT_NAME = "$(TARGET_NAME)";
				REGISTER_APP_GROUPS = YES;
				SDKROOT = auto;
				STRING_CATALOG_GENERATE_SYMBOLS = YES;
				SUPPORTED_PLATFORMS = "iphoneos iphonesimulator macosx xros xrsimulator";
				SWIFT_APPROACHABLE_CONCURRENCY = YES;
				SWIFT_DEFAULT_ACTOR_ISOLATION = MainActor;
				SWIFT_EMIT_LOC_STRINGS = YES;
				SWIFT_UPCOMING_FEATURE_MEMBER_IMPORT_VISIBILITY = YES;
				SWIFT_VERSION = 5.0;
				TARGETED_DEVICE_FAMILY = "1,2,7";
				XROS_DEPLOYMENT_TARGET = 26.4;
			};
			name = Debug;
		};
		402BC6D72F81F6B60001BFB7 /* Release */ = {
			isa = XCBuildConfiguration;
			buildSettings = {
				ASSETCATALOG_COMPILER_APPICON_NAME = AppIcon;
				ASSETCATALOG_COMPILER_GLOBAL_ACCENT_COLOR_NAME = AccentColor;
				CODE_SIGN_STYLE = Automatic;
				CURRENT_PROJECT_VERSION = 1;
				DEVELOPMENT_TEAM = 59553C5T2P;
				ENABLE_APP_SANDBOX = YES;
				ENABLE_HARDENED_RUNTIME = YES;
				ENABLE_PREVIEWS = YES;
				ENABLE_USER_SELECTED_FILES = readonly;
				GENERATE_INFOPLIST_FILE = YES;
				"INFOPLIST_KEY_UIApplicationSceneManifest_Generation[sdk=iphoneos*]" = YES;
				"INFOPLIST_KEY_UIApplicationSceneManifest_Generation[sdk=iphonesimulator*]" = YES;
				"INFOPLIST_KEY_UIApplicationSupportsIndirectInputEvents[sdk=iphoneos*]" = YES;
				"INFOPLIST_KEY_UIApplicationSupportsIndirectInputEvents[sdk=iphonesimulator*]" = YES;
				"INFOPLIST_KEY_UILaunchScreen_Generation[sdk=iphoneos*]" = YES;
				"INFOPLIST_KEY_UILaunchScreen_Generation[sdk=iphonesimulator*]" = YES;
				"INFOPLIST_KEY_UIStatusBarStyle[sdk=iphoneos*]" = UIStatusBarStyleDefault;
				"INFOPLIST_KEY_UIStatusBarStyle[sdk=iphonesimulator*]" = UIStatusBarStyleDefault;
				INFOPLIST_KEY_UISupportedInterfaceOrientations_iPad = "UIInterfaceOrientationPortrait UIInterfaceOrientationPortraitUpsideDown UIInterfaceOrientationLandscapeLeft UIInterfaceOrientationLandscapeRight";
				INFOPLIST_KEY_UISupportedInterfaceOrientations_iPhone = "UIInterfaceOrientationPortrait UIInterfaceOrientationLandscapeLeft UIInterfaceOrientationLandscapeRight";
				IPHONEOS_DEPLOYMENT_TARGET = 26.4;
				LD_RUNPATH_SEARCH_PATHS = "@executable_path/Frameworks";
				"LD_RUNPATH_SEARCH_PATHS[sdk=macosx*]" = "@executable_path/../Frameworks";
				MACOSX_DEPLOYMENT_TARGET = 26.4;
				MARKETING_VERSION = 1.0;
				PRODUCT_BUNDLE_IDENTIFIER = execquietly.Whisp;
				PRODUCT_NAME = "$(TARGET_NAME)";
				REGISTER_APP_GROUPS = YES;
				SDKROOT = auto;
				STRING_CATALOG_GENERATE_SYMBOLS = YES;
				SUPPORTED_PLATFORMS = "iphoneos iphonesimulator macosx xros xrsimulator";
				SWIFT_APPROACHABLE_CONCURRENCY = YES;
				SWIFT_DEFAULT_ACTOR_ISOLATION = MainActor;
				SWIFT_EMIT_LOC_STRINGS = YES;
				SWIFT_UPCOMING_FEATURE_MEMBER_IMPORT_VISIBILITY = YES;
				SWIFT_VERSION = 5.0;
				TARGETED_DEVICE_FAMILY = "1,2,7";
				XROS_DEPLOYMENT_TARGET = 26.4;
			};
			name = Release;
		};
		402BC6D92F81F6B60001BFB7 /* Debug */ = {
			isa = XCBuildConfiguration;
			buildSettings = {
				BUNDLE_LOADER = "$(TEST_HOST)";
				CODE_SIGN_STYLE = Automatic;
				CURRENT_PROJECT_VERSION = 1;
				DEVELOPMENT_TEAM = 59553C5T2P;
				GENERATE_INFOPLIST_FILE = YES;
				IPHONEOS_DEPLOYMENT_TARGET = 26.4;
				MACOSX_DEPLOYMENT_TARGET = 26.4;
				MARKETING_VERSION = 1.0;
				PRODUCT_BUNDLE_IDENTIFIER = execquietly.WhispTests;
				PRODUCT_NAME = "$(TARGET_NAME)";
				SDKROOT = auto;
				STRING_CATALOG_GENERATE_SYMBOLS = NO;
				SUPPORTED_PLATFORMS = "iphoneos iphonesimulator macosx xros xrsimulator";
				SWIFT_APPROACHABLE_CONCURRENCY = YES;
				SWIFT_EMIT_LOC_STRINGS = NO;
				SWIFT_UPCOMING_FEATURE_MEMBER_IMPORT_VISIBILITY = YES;
				SWIFT_VERSION = 5.0;
				TARGETED_DEVICE_FAMILY = "1,2,7";
				TEST_HOST = "$(BUILT_PRODUCTS_DIR)/Whisp.app/$(BUNDLE_EXECUTABLE_FOLDER_PATH)/Whisp";
				XROS_DEPLOYMENT_TARGET = 26.4;
			};
			name = Debug;
		};
		402BC6DA2F81F6B60001BFB7 /* Release */ = {
			isa = XCBuildConfiguration;
			buildSettings = {
				BUNDLE_LOADER = "$(TEST_HOST)";
				CODE_SIGN_STYLE = Automatic;
				CURRENT_PROJECT_VERSION = 1;
				DEVELOPMENT_TEAM = 59553C5T2P;
				GENERATE_INFOPLIST_FILE = YES;
				IPHONEOS_DEPLOYMENT_TARGET = 26.4;
				MACOSX_DEPLOYMENT_TARGET = 26.4;
				MARKETING_VERSION = 1.0;
				PRODUCT_BUNDLE_IDENTIFIER = execquietly.WhispTests;
				PRODUCT_NAME = "$(TARGET_NAME)";
				SDKROOT = auto;
				STRING_CATALOG_GENERATE_SYMBOLS = NO;
				SUPPORTED_PLATFORMS = "iphoneos iphonesimulator macosx xros xrsimulator";
				SWIFT_APPROACHABLE_CONCURRENCY = YES;
				SWIFT_EMIT_LOC_STRINGS = NO;
				SWIFT_UPCOMING_FEATURE_MEMBER_IMPORT_VISIBILITY = YES;
				SWIFT_VERSION = 5.0;
				TARGETED_DEVICE_FAMILY = "1,2,7";
				TEST_HOST = "$(BUILT_PRODUCTS_DIR)/Whisp.app/$(BUNDLE_EXECUTABLE_FOLDER_PATH)/Whisp";
				XROS_DEPLOYMENT_TARGET = 26.4;
			};
			name = Release;
		};
		402BC6DC2F81F6B60001BFB7 /* Debug */ = {
			isa = XCBuildConfiguration;
			buildSettings = {
				CODE_SIGN_STYLE = Automatic;
				CURRENT_PROJECT_VERSION = 1;
				DEVELOPMENT_TEAM = 59553C5T2P;
				GENERATE_INFOPLIST_FILE = YES;
				IPHONEOS_DEPLOYMENT_TARGET = 26.4;
				MACOSX_DEPLOYMENT_TARGET = 26.4;
				MARKETING_VERSION = 1.0;
				PRODUCT_BUNDLE_IDENTIFIER = execquietly.WhispUITests;
				PRODUCT_NAME = "$(TARGET_NAME)";
				SDKROOT = auto;
				STRING_CATALOG_GENERATE_SYMBOLS = NO;
				SUPPORTED_PLATFORMS = "iphoneos iphonesimulator macosx xros xrsimulator";
				SWIFT_APPROACHABLE_CONCURRENCY = YES;
				SWIFT_EMIT_LOC_STRINGS = NO;
				SWIFT_UPCOMING_FEATURE_MEMBER_IMPORT_VISIBILITY = YES;
				SWIFT_VERSION = 5.0;
				TARGETED_DEVICE_FAMILY = "1,2,7";
				TEST_TARGET_NAME = Whisp;
				XROS_DEPLOYMENT_TARGET = 26.4;
			};
			name = Debug;
		};
		402BC6DD2F81F6B60001BFB7 /* Release */ = {
			isa = XCBuildConfiguration;
			buildSettings = {
				CODE_SIGN_STYLE = Automatic;
				CURRENT_PROJECT_VERSION = 1;
				DEVELOPMENT_TEAM = 59553C5T2P;
				GENERATE_INFOPLIST_FILE = YES;
				IPHONEOS_DEPLOYMENT_TARGET = 26.4;
				MACOSX_DEPLOYMENT_TARGET = 26.4;
				MARKETING_VERSION = 1.0;
				PRODUCT_BUNDLE_IDENTIFIER = execquietly.WhispUITests;
				PRODUCT_NAME = "$(TARGET_NAME)";
				SDKROOT = auto;
				STRING_CATALOG_GENERATE_SYMBOLS = NO;
				SUPPORTED_PLATFORMS = "iphoneos iphonesimulator macosx xros xrsimulator";
				SWIFT_APPROACHABLE_CONCURRENCY = YES;
				SWIFT_EMIT_LOC_STRINGS = NO;
				SWIFT_UPCOMING_FEATURE_MEMBER_IMPORT_VISIBILITY = YES;
				SWIFT_VERSION = 5.0;
				TARGETED_DEVICE_FAMILY = "1,2,7";
				TEST_TARGET_NAME = Whisp;
				XROS_DEPLOYMENT_TARGET = 26.4;
			};
			name = Release;
		};
/* End XCBuildConfiguration section */

/* Begin XCConfigurationList section */
		402BC6AF2F81F6B50001BFB7 /* Build configuration list for PBXProject "Whisp" */ = {
			isa = XCConfigurationList;
			buildConfigurations = (
				402BC6D32F81F6B60001BFB7 /* Debug */,
				402BC6D42F81F6B60001BFB7 /* Release */,
			);
			defaultConfigurationIsVisible = 0;
			defaultConfigurationName = Release;
		};
		402BC6D52F81F6B60001BFB7 /* Build configuration list for PBXNativeTarget "Whisp" */ = {
			isa = XCConfigurationList;
			buildConfigurations = (
				402BC6D62F81F6B60001BFB7 /* Debug */,
				402BC6D72F81F6B60001BFB7 /* Release */,
			);
			defaultConfigurationIsVisible = 0;
			defaultConfigurationName = Release;
		};
		402BC6D82F81F6B60001BFB7 /* Build configuration list for PBXNativeTarget "WhispTests" */ = {
			isa = XCConfigurationList;
			buildConfigurations = (
				402BC6D92F81F6B60001BFB7 /* Debug */,
				402BC6DA2F81F6B60001BFB7 /* Release */,
			);
			defaultConfigurationIsVisible = 0;
			defaultConfigurationName = Release;
		};
		402BC6DB2F81F6B60001BFB7 /* Build configuration list for PBXNativeTarget "WhispUITests" */ = {
			isa = XCConfigurationList;
			buildConfigurations = (
				402BC6DC2F81F6B60001BFB7 /* Debug */,
				402BC6DD2F81F6B60001BFB7 /* Release */,
			);
			defaultConfigurationIsVisible = 0;
			defaultConfigurationName = Release;
		};
/* End XCConfigurationList section */

/* Begin XCRemoteSwiftPackageReference section */
		406C92E42FF7412100EC9308 /* XCRemoteSwiftPackageReference "firebase-ios-sdk" */ = {
			isa = XCRemoteSwiftPackageReference;
			repositoryURL = "https://github.com/firebase/firebase-ios-sdk";
			requirement = {
				kind = upToNextMajorVersion;
				minimumVersion = 12.15.0;
			};
		};
/* End XCRemoteSwiftPackageReference section */

/* Begin XCSwiftPackageProductDependency section */
		406C92E52FF7412100EC9308 /* FirebaseAuth */ = {
			isa = XCSwiftPackageProductDependency;
			package = 406C92E42FF7412100EC9308 /* XCRemoteSwiftPackageReference "firebase-ios-sdk" */;
			productName = FirebaseAuth;
		};
		406C92E72FF7412100EC9308 /* FirebaseDatabase */ = {
			isa = XCSwiftPackageProductDependency;
			package = 406C92E42FF7412100EC9308 /* XCRemoteSwiftPackageReference "firebase-ios-sdk" */;
			productName = FirebaseDatabase;
		};
		406C92E92FF7412100EC9308 /* FirebaseFunctions */ = {
			isa = XCSwiftPackageProductDependency;
			package = 406C92E42FF7412100EC9308 /* XCRemoteSwiftPackageReference "firebase-ios-sdk" */;
			productName = FirebaseFunctions;
		};
		406C92EB2FF7412100EC9308 /* FirebaseMessaging */ = {
			isa = XCSwiftPackageProductDependency;
			package = 406C92E42FF7412100EC9308 /* XCRemoteSwiftPackageReference "firebase-ios-sdk" */;
			productName = FirebaseMessaging;
		};
		406C92ED2FF7412100EC9308 /* FirebaseStorage */ = {
			isa = XCSwiftPackageProductDependency;
			package = 406C92E42FF7412100EC9308 /* XCRemoteSwiftPackageReference "firebase-ios-sdk" */;
			productName = FirebaseStorage;
		};
/* End XCSwiftPackageProductDependency section */
	};
	rootObject = 402BC6AC2F81F6B50001BFB7 /* Project object */;
}
